
Microsoft Visual Studio Solution File, Format Version 12.00
# Visual Studio Version 17
VisualStudioVersion = 17.11.35327.3
MinimumVisualStudioVersion = 10.0.40219.1
Project("{FAE04EC0-301F-11D3-BF4B-00C04F79EFBC}") = "CustomerJob", "CustomerJob\CustomerJob.csproj", "{3C65B5D0-2AEB-4D56-B83E-D2BDBE481B15}"
EndProject
Project("{FAE04EC0-301F-11D3-BF4B-00C04F79EFBC}") = "CustomerJob.UnitTests", "CustomerJob.Tests\CustomerJob.UnitTests.csproj", "{C94E90B0-0098-4C6E-A8CD-AA7E8238FCAD}"
EndProject
Project("{FAE04EC0-301F-11D3-BF4B-00C04F79EFBC}") = "CustomerJob.IntegrationTests", "CustomerJob.IntegrationTests\CustomerJob.IntegrationTests.csproj", "{1250700D-93F8-4E7E-8E20-95300D63ED01}"
EndProject
Global
	GlobalSection(SolutionConfigurationPlatforms) = preSolution
		Debug|Any CPU = Debug|Any CPU
		Release|Any CPU = Release|Any CPU
	EndGlobalSection
	GlobalSection(ProjectConfigurationPlatforms) = postSolution
		{3C65B5D0-2AEB-4D56-B83E-D2BDBE481B15}.Debug|Any CPU.ActiveCfg = Debug|Any CPU
		{3C65B5D0-2AEB-4D56-B83E-D2BDBE481B15}.Debug|Any CPU.Build.0 = Debug|Any CPU
		{3C65B5D0-2AEB-4D56-B83E-D2BDBE481B15}.Release|Any CPU.ActiveCfg = Release|Any CPU
		{3C65B5D0-2AEB-4D56-B83E-D2BDBE481B15}.Release|Any CPU.Build.0 = Release|Any CPU
		{C94E90B0-0098-4C6E-A8CD-AA7E8238FCAD}.Debug|Any CPU.ActiveCfg = Debug|Any CPU
		{C94E90B0-0098-4C6E-A8CD-AA7E8238FCAD}.Debug|Any CPU.Build.0 = Debug|Any CPU
		{C94E90B0-0098-4C6E-A8CD-AA7E8238FCAD}.Release|Any CPU.ActiveCfg = Release|Any CPU
		{C94E90B0-0098-4C6E-A8CD-AA7E8238FCAD}.Release|Any CPU.Build.0 = Release|Any CPU
		{1250700D-93F8-4E7E-8E20-95300D63ED01}.Debug|Any CPU.ActiveCfg = Debug|Any CPU
		{1250700D-93F8-4E7E-8E20-95300D63ED01}.Debug|Any CPU.Build.0 = Debug|Any CPU
		{1250700D-93F8-4E7E-8E20-95300D63ED01}.Release|Any CPU.ActiveCfg = Release|Any CPU
		{1250700D-93F8-4E7E-8E20-95300D63ED01}.Release|Any CPU.Build.0 = Release|Any CPU
	EndGlobalSection
	GlobalSection(SolutionProperties) = preSolution
		HideSolutionNode = FALSE
	EndGlobalSection
	GlobalSection(ExtensibilityGlobals) = postSolution
		SolutionGuid = {ADF95567-F9A7-42C6-9700-033FD718C700}
	EndGlobalSection
EndGlobal
